
Microsoft Visual Studio Solution File, Format Version 12.00
# Visual Studio 15
Project("{FAE04EC0-301F-11D3-BF4B-00C04F79EFBC}") = "Assembly-CSharp", "Assembly-CSharp.csproj", "{0859903C-56B4-37A3-5EEE-12DFEA08D1B1}"
EndProject
Project("{FAE04EC0-301F-11D3-BF4B-00C04F79EFBC}") = "Assembly-CSharp-Editor", "Assembly-CSharp-Editor.csproj", "{0E057F83-3FDD-EB62-661D-167ACDDB4C6E}"
EndProject
Global
	GlobalSection(SolutionConfigurationPlatforms) = preSolution
		Debug|Any CPU = Debug|Any CPU
		Release|Any CPU = Release|Any CPU
	EndGlobalSection
	GlobalSection(ProjectConfigurationPlatforms) = postSolution
		{0859903C-56B4-37A3-5EEE-12DFEA08D1B1}.Debug|Any CPU.ActiveCfg = Debug|Any CPU
		{0859903C-56B4-37A3-5EEE-12DFEA08D1B1}.Debug|Any CPU.Build.0 = Debug|Any CPU
		{0859903C-56B4-37A3-5EEE-12DFEA08D1B1}.Release|Any CPU.ActiveCfg = Release|Any CPU
		{0859903C-56B4-37A3-5EEE-12DFEA08D1B1}.Release|Any CPU.Build.0 = Release|Any CPU
		{0E057F83-3FDD-EB62-661D-167ACDDB4C6E}.Debug|Any CPU.ActiveCfg = Debug|Any CPU
		{0E057F83-3FDD-EB62-661D-167ACDDB4C6E}.Debug|Any CPU.Build.0 = Debug|Any CPU
		{0E057F83-3FDD-EB62-661D-167ACDDB4C6E}.Release|Any CPU.ActiveCfg = Release|Any CPU
		{0E057F83-3FDD-EB62-661D-167ACDDB4C6E}.Release|Any CPU.Build.0 = Release|Any CPU
	EndGlobalSection
	GlobalSection(SolutionProperties) = preSolution
		HideSolutionNode = FALSE
	EndGlobalSection
EndGlobal
